
Microsoft Visual Studio Solution File, Format Version 12.00
# Visual Studio Version 17
VisualStudioVersion = 17.14.36221.1 d17.14
MinimumVisualStudioVersion = 10.0.40219.1
Project("{FAE04EC0-301F-11D3-BF4B-00C04F79EFBC}") = "EMS", "EMS.csproj", "{1E607CBF-BC2F-4DB2-9F5A-CB9A3C90C937}"
EndProject
Global
	GlobalSection(SolutionConfigurationPlatforms) = preSolution
		Debug|Any CPU = Debug|Any CPU
		Release|Any CPU = Release|Any CPU
	EndGlobalSection
	GlobalSection(ProjectConfigurationPlatforms) = postSolution
		{1E607CBF-BC2F-4DB2-9F5A-CB9A3C90C937}.Debug|Any CPU.ActiveCfg = Debug|Any CPU
		{1E607CBF-BC2F-4DB2-9F5A-CB9A3C90C937}.Debug|Any CPU.Build.0 = Debug|Any CPU
		{1E607CBF-BC2F-4DB2-9F5A-CB9A3C90C937}.Release|Any CPU.ActiveCfg = Release|Any CPU
		{1E607CBF-BC2F-4DB2-9F5A-CB9A3C90C937}.Release|Any CPU.Build.0 = Release|Any CPU
	EndGlobalSection
	GlobalSection(SolutionProperties) = preSolution
		HideSolutionNode = FALSE
	EndGlobalSection
	GlobalSection(ExtensibilityGlobals) = postSolution
		SolutionGuid = {BA2556B3-8561-4296-A9DC-B6B3A9841E25}
	EndGlobalSection
EndGlobal
